
Microsoft Visual Studio Solution File, Format Version 12.00
# Visual Studio Version 16
VisualStudioVersion = 16.0.29123.88
MinimumVisualStudioVersion = 10.0.40219.1
Project("{FAE04EC0-301F-11D3-BF4B-00C04F79EFBC}") = "testecbitzen", "testecbitzen\testecbitzen.csproj", "{B310E7F6-76E2-4C98-85EF-43DE9061CD23}"
EndProject
Global
	GlobalSection(SolutionConfigurationPlatforms) = preSolution
		Debug|Any CPU = Debug|Any CPU
		Release|Any CPU = Release|Any CPU
	EndGlobalSection
	GlobalSection(ProjectConfigurationPlatforms) = postSolution
		{B310E7F6-76E2-4C98-85EF-43DE9061CD23}.Debug|Any CPU.ActiveCfg = Debug|Any CPU
		{B310E7F6-76E2-4C98-85EF-43DE9061CD23}.Debug|Any CPU.Build.0 = Debug|Any CPU
		{B310E7F6-76E2-4C98-85EF-43DE9061CD23}.Release|Any CPU.ActiveCfg = Release|Any CPU
		{B310E7F6-76E2-4C98-85EF-43DE9061CD23}.Release|Any CPU.Build.0 = Release|Any CPU
	EndGlobalSection
	GlobalSection(SolutionProperties) = preSolution
		HideSolutionNode = FALSE
	EndGlobalSection
	GlobalSection(ExtensibilityGlobals) = postSolution
		SolutionGuid = {8E921AE6-9466-43E9-8CA3-D068B33DB168}
	EndGlobalSection
EndGlobal
