
Microsoft Visual Studio Solution File, Format Version 12.00
# Visual Studio Version 16
VisualStudioVersion = 16.0.29123.88
MinimumVisualStudioVersion = 10.0.40219.1
Project("{FAE04EC0-301F-11D3-BF4B-00C04F79EFBC}") = "teste", "teste\teste.csproj", "{97FF84D9-A7EF-4B7A-AE26-85775CCDFA0A}"
EndProject
Global
	GlobalSection(SolutionConfigurationPlatforms) = preSolution
		Debug|Any CPU = Debug|Any CPU
		Release|Any CPU = Release|Any CPU
	EndGlobalSection
	GlobalSection(ProjectConfigurationPlatforms) = postSolution
		{97FF84D9-A7EF-4B7A-AE26-85775CCDFA0A}.Debug|Any CPU.ActiveCfg = Debug|Any CPU
		{97FF84D9-A7EF-4B7A-AE26-85775CCDFA0A}.Debug|Any CPU.Build.0 = Debug|Any CPU
		{97FF84D9-A7EF-4B7A-AE26-85775CCDFA0A}.Release|Any CPU.ActiveCfg = Release|Any CPU
		{97FF84D9-A7EF-4B7A-AE26-85775CCDFA0A}.Release|Any CPU.Build.0 = Release|Any CPU
	EndGlobalSection
	GlobalSection(SolutionProperties) = preSolution
		HideSolutionNode = FALSE
	EndGlobalSection
	GlobalSection(ExtensibilityGlobals) = postSolution
		SolutionGuid = {1BFE5332-A76E-419E-98AD-CE2B1F2D725A}
	EndGlobalSection
EndGlobal
